# This file is generated by running "yarn install" inside your project.
# Manual changes might be lost - proceed with caution!

__metadata:
  version: 6
  cacheKey: 8

"assertion-error@npm:^2.0.1":
  version: 2.0.1
  resolution: "assertion-error@npm:2.0.1"
  checksum: a0789dd882211b87116e81e2648ccb7f60340b34f19877dd020b39ebb4714e475eb943e14ba3e22201c221ef6645b7bfe10297e76b6ac95b48a9898c1211ce66
  languageName: node
  linkType: hard

"chai@npm:^5.1.1":
  version: 5.1.1
  resolution: "chai@npm:5.1.1"
  dependencies:
    assertion-error: ^2.0.1
    check-error: ^2.1.1
    deep-eql: ^5.0.1
    loupe: ^3.1.0
    pathval: ^2.0.0
  checksum: 1e0a5e1b5febdfa8ceb97b9aff608286861ecb86533863119b2f39f07c08fb59f3c1791ab554947f009b9d71d509b9e4e734fb12133cb81f231c2c2ee7c1e738
  languageName: node
  linkType: hard

"check-error@npm:^2.1.1":
  version: 2.1.1
  resolution: "check-error@npm:2.1.1"
  checksum: d785ed17b1d4a4796b6e75c765a9a290098cf52ff9728ce0756e8ffd4293d2e419dd30c67200aee34202463b474306913f2fcfaf1890641026d9fc6966fea27a
  languageName: node
  linkType: hard

"deep-eql@npm:^5.0.1":
  version: 5.0.2
  resolution: "deep-eql@npm:5.0.2"
  checksum: 6aaaadb4c19cbce42e26b2bbe5bd92875f599d2602635dc97f0294bae48da79e89470aedee05f449e0ca8c65e9fd7e7872624d1933a1db02713d99c2ca8d1f24
  languageName: node
  linkType: hard

"get-func-name@npm:^2.0.1":
  version: 2.0.2
  resolution: "get-func-name@npm:2.0.2"
  checksum: 3f62f4c23647de9d46e6f76d2b3eafe58933a9b3830c60669e4180d6c601ce1b4aa310ba8366143f55e52b139f992087a9f0647274e8745621fa2af7e0acf13b
  languageName: node
  linkType: hard

"loupe@npm:^3.1.0":
  version: 3.1.1
  resolution: "loupe@npm:3.1.1"
  dependencies:
    get-func-name: ^2.0.1
  checksum: c7efa6bc6d71f25ca03eb13c9a069e35ed86799e308ca27a7a3eff8cdf9500e7c22d1f2411468d154a8e960e91e5e685e0c6c83e96db748f177c1adf30811153
  languageName: node
  linkType: hard

"pathval@npm:^2.0.0":
  version: 2.0.0
  resolution: "pathval@npm:2.0.0"
  checksum: 682b6a6289de7990909effef7dae9aa7bb6218c0426727bccf66a35b34e7bfbc65615270c5e44e3c9557a5cb44b1b9ef47fc3cb18bce6ad3ba92bcd28467ed7d
  languageName: node
  linkType: hard

"root-workspace-0b6124@workspace:.":
  version: 0.0.0-use.local
  resolution: "root-workspace-0b6124@workspace:."
  dependencies:
    chai: ^5.1.1
  languageName: unknown
  linkType: soft
